# THIS IS AN AUTOGENERATED FILE. DO NOT EDIT THIS FILE DIRECTLY.
# yarn lockfile v1


expo-server-sdk@^3.3.0:
  version "3.3.0"
  resolved "https://registry.yarnpkg.com/expo-server-sdk/-/expo-server-sdk-3.3.0.tgz#c9e96e0551768aa91b1cdbcd728e554826d7e535"
  integrity sha512-7MC2doGrJgrXbgvFmnSiXzvHCawbvDiuPXQTboJ4vSwX3wrXrHlN7rJ39CVqJc55uzlCEAy5XqgsHSOqkpBJVw==
  dependencies:
    node-fetch "^2.3.0"
    promise-limit "^2.7.0"

node-fetch@^2.3.0:
  version "2.6.0"
  resolved "https://registry.yarnpkg.com/node-fetch/-/node-fetch-2.6.0.tgz#e633456386d4aa55863f676a7ab0daa8fdecb0fd"
  integrity sha512-8dG4H5ujfvFiqDmVu9fQ5bOHUC15JMjMY/Zumv26oOvvVJjM67KF8koCWIabKQ1GJIa9r2mMZscBq/TbdOcmNA==

promise-limit@^2.7.0:
  version "2.7.0"
  resolved "https://registry.yarnpkg.com/promise-limit/-/promise-limit-2.7.0.tgz#eb5737c33342a030eaeaecea9b3d3a93cb592b26"
  integrity sha512-7nJ6v5lnJsXwGprnGXga4wx6d1POjvi5Qmf1ivTRxTjH4Z/9Czja/UCMLVmB9N93GeWOU93XaFaEt6jbuoagNw==
